
Microsoft Visual Studio Solution File, Format Version 12.00
# Visual Studio Version 16
VisualStudioVersion = 16.0.33214.272
MinimumVisualStudioVersion = 10.0.40219.1
Project("{FAE04EC0-301F-11D3-BF4B-00C04F79EFBC}") = "Editor1", "Editor1.csproj", "{E3055718-BD8A-46F4-A16C-AD13E168B9DF}"
EndProject
Global
	GlobalSection(SolutionConfigurationPlatforms) = preSolution
		Debug|Any CPU = Debug|Any CPU
		Release|Any CPU = Release|Any CPU
	EndGlobalSection
	GlobalSection(ProjectConfigurationPlatforms) = postSolution
		{E3055718-BD8A-46F4-A16C-AD13E168B9DF}.Debug|Any CPU.ActiveCfg = Debug|Any CPU
		{E3055718-BD8A-46F4-A16C-AD13E168B9DF}.Debug|Any CPU.Build.0 = Debug|Any CPU
		{E3055718-BD8A-46F4-A16C-AD13E168B9DF}.Release|Any CPU.ActiveCfg = Release|Any CPU
		{E3055718-BD8A-46F4-A16C-AD13E168B9DF}.Release|Any CPU.Build.0 = Release|Any CPU
	EndGlobalSection
	GlobalSection(SolutionProperties) = preSolution
		HideSolutionNode = FALSE
	EndGlobalSection
	GlobalSection(ExtensibilityGlobals) = postSolution
		SolutionGuid = {06C20770-BA0A-4C7F-B821-9F6844258ECC}
	EndGlobalSection
EndGlobal
